{
  "name": "vite-plugin-meteor-api-types",
  "version": "1.0.0",
  "lockfileVersion": 3,
  "requires": true,
  "packages": {
    "": {
      "name": "vite-plugin-meteor-api-types",
      "version": "1.0.0",
      "license": "ISC",
      "workspaces": [
        "packages/plugin-meteor-api-types"
      ]
    },
    "node_modules/@meteor-vite/plugin-meteor-api-types": {
      "resolved": "packages/plugin-meteor-api-types",
      "link": true
    },
    "packages/plugin-meteor-api-types": {
      "name": "@meteor-vite/plugin-meteor-api-types",
      "version": "1.0.0",
      "license": "ISC"
    }
  }
}
