{
  "name": "vite-plugin-meteor-api-types",
  "version": "1.0.0",
  "lockfileVersion": 3,
  "requires": true,
  "packages": {
    "": {
      "name": "vite-plugin-meteor-api-types",
      "version": "1.0.0",
      "license": "ISC",
      "workspaces": [
        "packages/type-api"
      ],
      "devDependencies": {
        "@typescript/native-preview": "^7.0.0-dev.20250813.1"
      }
    },
    "node_modules/@typescript/native-preview": {
      "version": "7.0.0-dev.20250813.1",
      "dev": true,
      "license": "Apache-2.0",
      "bin": {
        "tsgo": "bin/tsgo.js"
      },
      "engines": {
        "node": ">=20.6.0"
      },
      "optionalDependencies": {
        "@typescript/native-preview-darwin-arm64": "7.0.0-dev.20250813.1",
        "@typescript/native-preview-darwin-x64": "7.0.0-dev.20250813.1",
        "@typescript/native-preview-linux-arm": "7.0.0-dev.20250813.1",
        "@typescript/native-preview-linux-arm64": "7.0.0-dev.20250813.1",
        "@typescript/native-preview-linux-x64": "7.0.0-dev.20250813.1",
        "@typescript/native-preview-win32-arm64": "7.0.0-dev.20250813.1",
        "@typescript/native-preview-win32-x64": "7.0.0-dev.20250813.1"
      }
    },
    "node_modules/@typescript/native-preview-linux-x64": {
      "version": "7.0.0-dev.20250813.1",
      "cpu": [
        "x64"
      ],
      "dev": true,
      "license": "Apache-2.0",
      "optional": true,
      "os": [
        "linux"
      ],
      "engines": {
        "node": ">=20.6.0"
      }
    },
    "packages/typed-api": {
      "name": "@meteor-vite/type-api",
      "version": "1.0.0",
      "extraneous": true,
      "license": "ISC",
      "devDependencies": {
        "@types/meteor": "^2.9.9",
        "tsup": "^8.5.0",
        "typescript": "^5.9.2",
        "vite": "^6.3.5"
      },
      "peerDependencies": {
        "valibot": "^1.1.0"
      }
    }
  }
}
